// !$*UTF8*$!
{
	archiveVersion = 1;
	classes = {
	};
	objectVersion = 51;
	objects = {

/* Begin PBXBuildFile section */
		0603C94F2637F429007012F2 /* AppDelegate.m in Sources */ = {isa = PBXBuildFile; fileRef = 0603C94E2637F429007012F2 /* AppDelegate.m */; };
		0603C9522637F429007012F2 /* SceneDelegate.m in Sources */ = {isa = PBXBuildFile; fileRef = 0603C9512637F429007012F2 /* SceneDelegate.m */; };
		0603C9552637F429007012F2 /* ViewController.m in Sources */ = {isa = PBXBuildFile; fileRef = 0603C9542637F429007012F2 /* ViewController.m */; };
		0603C9582637F429007012F2 /* Main.storyboard in Resources */ = {isa = PBXBuildFile; fileRef = 0603C9562637F429007012F2 /* Main.storyboard */; };
		0603C95A2637F42A007012F2 /* Assets.xcassets in Resources */ = {isa = PBXBuildFile; fileRef = 0603C9592637F42A007012F2 /* Assets.xcassets */; };
		0603C95D2637F42A007012F2 /* LaunchScreen.storyboard in Resources */ = {isa = PBXBuildFile; fileRef = 0603C95B2637F42A007012F2 /* LaunchScreen.storyboard */; };
		0603C9602637F42A007012F2 /* main.m in Sources */ = {isa = PBXBuildFile; fileRef = 0603C95F2637F42A007012F2 /* main.m */; };
		0603C97E2637FCF7007012F2 /* FootprintModel.m in Sources */ = {isa = PBXBuildFile; fileRef = 0603C97D2637FCF7007012F2 /* FootprintModel.m */; };
		0603C9822637FDC5007012F2 /* FootprintDataSource.m in Sources */ = {isa = PBXBuildFile; fileRef = 0603C9812637FDC5007012F2 /* FootprintDataSource.m */; };
		0603C98E2638090B007012F2 /* MapConfigureController.m in Sources */ = {isa = PBXBuildFile; fileRef = 0603C98D2638090B007012F2 /* MapConfigureController.m */; };
		0603CA012638117E007012F2 /* FootprintRecords.plist in Resources */ = {isa = PBXBuildFile; fileRef = 0603CA002638117E007012F2 /* FootprintRecords.plist */; };
		D32B4442338E231BBB8A7F83 /* Pods_MapLocus.framework in Frameworks */ = {isa = PBXBuildFile; fileRef = 19A4FBAFFF985197E16A25AF /* Pods_MapLocus.framework */; };
/* End PBXBuildFile section */

/* Begin PBXFileReference section */
		0603C94A2637F429007012F2 /* MapLocus.app */ = {isa = PBXFileReference; explicitFileType = wrapper.application; includeInIndex = 0; path = MapLocus.app; sourceTree = BUILT_PRODUCTS_DIR; };
		0603C94D2637F429007012F2 /* AppDelegate.h */ = {isa = PBXFileReference; lastKnownFileType = sourcecode.c.h; path = AppDelegate.h; sourceTree = "<group>"; };
		0603C94E2637F429007012F2 /* AppDelegate.m */ = {isa = PBXFileReference; lastKnownFileType = sourcecode.c.objc; path = AppDelegate.m; sourceTree = "<group>"; };
		0603C9502637F429007012F2 /* SceneDelegate.h */ = {isa = PBXFileReference; lastKnownFileType = sourcecode.c.h; path = SceneDelegate.h; sourceTree = "<group>"; };
		0603C9512637F429007012F2 /* SceneDelegate.m */ = {isa = PBXFileReference; lastKnownFileType = sourcecode.c.objc; path = SceneDelegate.m; sourceTree = "<group>"; };
		0603C9532637F429007012F2 /* ViewController.h */ = {isa = PBXFileReference; lastKnownFileType = sourcecode.c.h; path = ViewController.h; sourceTree = "<group>"; };
		0603C9542637F429007012F2 /* ViewController.m */ = {isa = PBXFileReference; lastKnownFileType = sourcecode.c.objc; path = ViewController.m; sourceTree = "<group>"; };
		0603C9572637F429007012F2 /* Base */ = {isa = PBXFileReference; lastKnownFileType = file.storyboard; name = Base; path = Base.lproj/Main.storyboard; sourceTree = "<group>"; };
		0603C9592637F42A007012F2 /* Assets.xcassets */ = {isa = PBXFileReference; lastKnownFileType = folder.assetcatalog; path = Assets.xcassets; sourceTree = "<group>"; };
		0603C95C2637F42A007012F2 /* Base */ = {isa = PBXFileReference; lastKnownFileType = file.storyboard; name = Base; path = Base.lproj/LaunchScreen.storyboard; sourceTree = "<group>"; };
		0603C95E2637F42A007012F2 /* Info.plist */ = {isa = PBXFileReference; lastKnownFileType = text.plist.xml; path = Info.plist; sourceTree = "<group>"; };
		0603C95F2637F42A007012F2 /* main.m */ = {isa = PBXFileReference; lastKnownFileType = sourcecode.c.objc; path = main.m; sourceTree = "<group>"; };
		0603C97C2637FCF7007012F2 /* FootprintModel.h */ = {isa = PBXFileReference; lastKnownFileType = sourcecode.c.h; path = FootprintModel.h; sourceTree = "<group>"; };
		0603C97D2637FCF7007012F2 /* FootprintModel.m */ = {isa = PBXFileReference; lastKnownFileType = sourcecode.c.objc; path = FootprintModel.m; sourceTree = "<group>"; };
		0603C9802637FDC5007012F2 /* FootprintDataSource.h */ = {isa = PBXFileReference; lastKnownFileType = sourcecode.c.h; path = FootprintDataSource.h; sourceTree = "<group>"; };
		0603C9812637FDC5007012F2 /* FootprintDataSource.m */ = {isa = PBXFileReference; lastKnownFileType = sourcecode.c.objc; path = FootprintDataSource.m; sourceTree = "<group>"; };
		0603C98C2638090B007012F2 /* MapConfigureController.h */ = {isa = PBXFileReference; lastKnownFileType = sourcecode.c.h; path = MapConfigureController.h; sourceTree = "<group>"; };
		0603C98D2638090B007012F2 /* MapConfigureController.m */ = {isa = PBXFileReference; lastKnownFileType = sourcecode.c.objc; path = MapConfigureController.m; sourceTree = "<group>"; };
		0603CA002638117E007012F2 /* FootprintRecords.plist */ = {isa = PBXFileReference; lastKnownFileType = text.plist.xml; path = FootprintRecords.plist; sourceTree = "<group>"; };
		19A4FBAFFF985197E16A25AF /* Pods_MapLocus.framework */ = {isa = PBXFileReference; explicitFileType = wrapper.framework; includeInIndex = 0; path = Pods_MapLocus.framework; sourceTree = BUILT_PRODUCTS_DIR; };
		5DE11D4ECD30CEDC56226FFA /* Pods-MapLocus.debug.xcconfig */ = {isa = PBXFileReference; includeInIndex = 1; lastKnownFileType = text.xcconfig; name = "Pods-MapLocus.debug.xcconfig"; path = "Target Support Files/Pods-MapLocus/Pods-MapLocus.debug.xcconfig"; sourceTree = "<group>"; };
		D0F8A93A885439CAE55F8F89 /* Pods-MapLocus.release.xcconfig */ = {isa = PBXFileReference; includeInIndex = 1; lastKnownFileType = text.xcconfig; name = "Pods-MapLocus.release.xcconfig"; path = "Target Support Files/Pods-MapLocus/Pods-MapLocus.release.xcconfig"; sourceTree = "<group>"; };
/* End PBXFileReference section */

/* Begin PBXFrameworksBuildPhase section */
		0603C9472637F429007012F2 /* Frameworks */ = {
			isa = PBXFrameworksBuildPhase;
			buildActionMask = 2147483647;
			files = (
				D32B4442338E231BBB8A7F83 /* Pods_MapLocus.framework in Frameworks */,
			);
			runOnlyForDeploymentPostprocessing = 0;
		};
/* End PBXFrameworksBuildPhase section */

/* Begin PBXGroup section */
		0603C9412637F429007012F2 = {
			isa = PBXGroup;
			children = (
				0603C94C2637F429007012F2 /* MapLocus */,
				0603C94B2637F429007012F2 /* Products */,
				CF3528577114168E517AEBF9 /* Pods */,
				5E124C61F971C0310EB93FC0 /* Frameworks */,
			);
			sourceTree = "<group>";
		};
		0603C94B2637F429007012F2 /* Products */ = {
			isa = PBXGroup;
			children = (
				0603C94A2637F429007012F2 /* MapLocus.app */,
			);
			name = Products;
			sourceTree = "<group>";
		};
		0603C94C2637F429007012F2 /* MapLocus */ = {
			isa = PBXGroup;
			children = (
				0603C94D2637F429007012F2 /* AppDelegate.h */,
				0603C94E2637F429007012F2 /* AppDelegate.m */,
				0603C9592637F42A007012F2 /* Assets.xcassets */,
				0603C95E2637F42A007012F2 /* Info.plist */,
				0603C95B2637F42A007012F2 /* LaunchScreen.storyboard */,
				0603C95F2637F42A007012F2 /* main.m */,
				0603C9562637F429007012F2 /* Main.storyboard */,
				0603C9502637F429007012F2 /* SceneDelegate.h */,
				0603C9512637F429007012F2 /* SceneDelegate.m */,
				0603C9532637F429007012F2 /* ViewController.h */,
				0603C9542637F429007012F2 /* ViewController.m */,
				0603C9FB26380DE7007012F2 /* Configure */,
				0603C9FE263810C5007012F2 /* DataSource */,
			);
			path = MapLocus;
			sourceTree = "<group>";
		};
		0603C9FB26380DE7007012F2 /* Configure */ = {
			isa = PBXGroup;
			children = (
				0603C98C2638090B007012F2 /* MapConfigureController.h */,
				0603C98D2638090B007012F2 /* MapConfigureController.m */,
			);
			path = Configure;
			sourceTree = "<group>";
		};
		0603C9FE263810C5007012F2 /* DataSource */ = {
			isa = PBXGroup;
			children = (
				0603C97C2637FCF7007012F2 /* FootprintModel.h */,
				0603C97D2637FCF7007012F2 /* FootprintModel.m */,
				0603C9802637FDC5007012F2 /* FootprintDataSource.h */,
				0603C9812637FDC5007012F2 /* FootprintDataSource.m */,
				0603CA002638117E007012F2 /* FootprintRecords.plist */,
			);
			path = DataSource;
			sourceTree = "<group>";
		};
		5E124C61F971C0310EB93FC0 /* Frameworks */ = {
			isa = PBXGroup;
			children = (
				19A4FBAFFF985197E16A25AF /* Pods_MapLocus.framework */,
			);
			name = Frameworks;
			sourceTree = "<group>";
		};
		CF3528577114168E517AEBF9 /* Pods */ = {
			isa = PBXGroup;
			children = (
				5DE11D4ECD30CEDC56226FFA /* Pods-MapLocus.debug.xcconfig */,
				D0F8A93A885439CAE55F8F89 /* Pods-MapLocus.release.xcconfig */,
			);
			path = Pods;
			sourceTree = "<group>";
		};
/* End PBXGroup section */

/* Begin PBXNativeTarget section */
		0603C9492637F429007012F2 /* MapLocus */ = {
			isa = PBXNativeTarget;
			buildConfigurationList = 0603C9632637F42A007012F2 /* Build configuration list for PBXNativeTarget "MapLocus" */;
			buildPhases = (
				729C9EB7E00A99D9C7C991D3 /* [CP] Check Pods Manifest.lock */,
				0603C9462637F429007012F2 /* Sources */,
				0603C9472637F429007012F2 /* Frameworks */,
				0603C9482637F429007012F2 /* Resources */,
				4F1B75D128F0AB0E6B8CA162 /* [CP] Copy Pods Resources */,
			);
			buildRules = (
			);
			dependencies = (
			);
			name = MapLocus;
			productName = MapLocus;
			productReference = 0603C94A2637F429007012F2 /* MapLocus.app */;
			productType = "com.apple.product-type.application";
		};
/* End PBXNativeTarget section */

/* Begin PBXProject section */
		0603C9422637F429007012F2 /* Project object */ = {
			isa = PBXProject;
			attributes = {
				LastUpgradeCheck = 1240;
				TargetAttributes = {
					0603C9492637F429007012F2 = {
						CreatedOnToolsVersion = 12.4;
					};
				};
			};
			buildConfigurationList = 0603C9452637F429007012F2 /* Build configuration list for PBXProject "MapLocus" */;
			compatibilityVersion = "Xcode 9.3";
			developmentRegion = en;
			hasScannedForEncodings = 0;
			knownRegions = (
				en,
				Base,
			);
			mainGroup = 0603C9412637F429007012F2;
			productRefGroup = 0603C94B2637F429007012F2 /* Products */;
			projectDirPath = "";
			projectRoot = "";
			targets = (
				0603C9492637F429007012F2 /* MapLocus */,
			);
		};
/* End PBXProject section */

/* Begin PBXResourcesBuildPhase section */
		0603C9482637F429007012F2 /* Resources */ = {
			isa = PBXResourcesBuildPhase;
			buildActionMask = 2147483647;
			files = (
				0603C95D2637F42A007012F2 /* LaunchScreen.storyboard in Resources */,
				0603C95A2637F42A007012F2 /* Assets.xcassets in Resources */,
				0603C9582637F429007012F2 /* Main.storyboard in Resources */,
				0603CA012638117E007012F2 /* FootprintRecords.plist in Resources */,
			);
			runOnlyForDeploymentPostprocessing = 0;
		};
/* End PBXResourcesBuildPhase section */

/* Begin PBXShellScriptBuildPhase section */
		4F1B75D128F0AB0E6B8CA162 /* [CP] Copy Pods Resources */ = {
			isa = PBXShellScriptBuildPhase;
			buildActionMask = 2147483647;
			files = (
			);
			inputFileListPaths = (
				"${PODS_ROOT}/Target Support Files/Pods-MapLocus/Pods-MapLocus-resources-${CONFIGURATION}-input-files.xcfilelist",
			);
			name = "[CP] Copy Pods Resources";
			outputFileListPaths = (
				"${PODS_ROOT}/Target Support Files/Pods-MapLocus/Pods-MapLocus-resources-${CONFIGURATION}-output-files.xcfilelist",
			);
			runOnlyForDeploymentPostprocessing = 0;
			shellPath = /bin/sh;
			shellScript = "\"${PODS_ROOT}/Target Support Files/Pods-MapLocus/Pods-MapLocus-resources.sh\"\n";
			showEnvVarsInLog = 0;
		};
		729C9EB7E00A99D9C7C991D3 /* [CP] Check Pods Manifest.lock */ = {
			isa = PBXShellScriptBuildPhase;
			buildActionMask = 2147483647;
			files = (
			);
			inputFileListPaths = (
			);
			inputPaths = (
				"${PODS_PODFILE_DIR_PATH}/Podfile.lock",
				"${PODS_ROOT}/Manifest.lock",
			);
			name = "[CP] Check Pods Manifest.lock";
			outputFileListPaths = (
			);
			outputPaths = (
				"$(DERIVED_FILE_DIR)/Pods-MapLocus-checkManifestLockResult.txt",
			);
			runOnlyForDeploymentPostprocessing = 0;
			shellPath = /bin/sh;
			shellScript = "diff \"${PODS_PODFILE_DIR_PATH}/Podfile.lock\" \"${PODS_ROOT}/Manifest.lock\" > /dev/null\nif [ $? != 0 ] ; then\n    # print error to STDERR\n    echo \"error: The sandbox is not in sync with the Podfile.lock. Run 'pod install' or update your CocoaPods installation.\" >&2\n    exit 1\nfi\n# This output is used by Xcode 'outputs' to avoid re-running this script phase.\necho \"SUCCESS\" > \"${SCRIPT_OUTPUT_FILE_0}\"\n";
			showEnvVarsInLog = 0;
		};
/* End PBXShellScriptBuildPhase section */

/* Begin PBXSourcesBuildPhase section */
		0603C9462637F429007012F2 /* Sources */ = {
			isa = PBXSourcesBuildPhase;
			buildActionMask = 2147483647;
			files = (
				0603C9552637F429007012F2 /* ViewController.m in Sources */,
				0603C94F2637F429007012F2 /* AppDelegate.m in Sources */,
				0603C97E2637FCF7007012F2 /* FootprintModel.m in Sources */,
				0603C9602637F42A007012F2 /* main.m in Sources */,
				0603C9822637FDC5007012F2 /* FootprintDataSource.m in Sources */,
				0603C9522637F429007012F2 /* SceneDelegate.m in Sources */,
				0603C98E2638090B007012F2 /* MapConfigureController.m in Sources */,
			);
			runOnlyForDeploymentPostprocessing = 0;
		};
/* End PBXSourcesBuildPhase section */

/* Begin PBXVariantGroup section */
		0603C9562637F429007012F2 /* Main.storyboard */ = {
			isa = PBXVariantGroup;
			children = (
				0603C9572637F429007012F2 /* Base */,
			);
			name = Main.storyboard;
			sourceTree = "<group>";
		};
		0603C95B2637F42A007012F2 /* LaunchScreen.storyboard */ = {
			isa = PBXVariantGroup;
			children = (
				0603C95C2637F42A007012F2 /* Base */,
			);
			name = LaunchScreen.storyboard;
			sourceTree = "<group>";
		};
/* End PBXVariantGroup section */

/* Begin XCBuildConfiguration section */
		0603C9612637F42A007012F2 /* Debug */ = {
			isa = XCBuildConfiguration;
			buildSettings = {
				ALWAYS_SEARCH_USER_PATHS = NO;
				CLANG_ANALYZER_NONNULL = YES;
				CLANG_ANALYZER_NUMBER_OBJECT_CONVERSION = YES_AGGRESSIVE;
				CLANG_CXX_LANGUAGE_STANDARD = "gnu++14";
				CLANG_CXX_LIBRARY = "libc++";
				CLANG_ENABLE_MODULES = YES;
				CLANG_ENABLE_OBJC_ARC = YES;
				CLANG_ENABLE_OBJC_WEAK = YES;
				CLANG_WARN_BLOCK_CAPTURE_AUTORELEASING = YES;
				CLANG_WARN_BOOL_CONVERSION = YES;
				CLANG_WARN_COMMA = YES;
				CLANG_WARN_CONSTANT_CONVERSION = YES;
				CLANG_WARN_DEPRECATED_OBJC_IMPLEMENTATIONS = YES;
				CLANG_WARN_DIRECT_OBJC_ISA_USAGE = YES_ERROR;
				CLANG_WARN_DOCUMENTATION_COMMENTS = YES;
				CLANG_WARN_EMPTY_BODY = YES;
				CLANG_WARN_ENUM_CONVERSION = YES;
				CLANG_WARN_INFINITE_RECURSION = YES;
				CLANG_WARN_INT_CONVERSION = YES;
				CLANG_WARN_NON_LITERAL_NULL_CONVERSION = YES;
				CLANG_WARN_OBJC_IMPLICIT_RETAIN_SELF = YES;
				CLANG_WARN_OBJC_LITERAL_CONVERSION = YES;
				CLANG_WARN_OBJC_ROOT_CLASS = YES_ERROR;
				CLANG_WARN_QUOTED_INCLUDE_IN_FRAMEWORK_HEADER = YES;
				CLANG_WARN_RANGE_LOOP_ANALYSIS = YES;
				CLANG_WARN_STRICT_PROTOTYPES = YES;
				CLANG_WARN_SUSPICIOUS_MOVE = YES;
				CLANG_WARN_UNGUARDED_AVAILABILITY = YES_AGGRESSIVE;
				CLANG_WARN_UNREACHABLE_CODE = YES;
				CLANG_WARN__DUPLICATE_METHOD_MATCH = YES;
				COPY_PHASE_STRIP = NO;
				DEBUG_INFORMATION_FORMAT = dwarf;
				ENABLE_STRICT_OBJC_MSGSEND = YES;
				ENABLE_TESTABILITY = YES;
				GCC_C_LANGUAGE_STANDARD = gnu11;
				GCC_DYNAMIC_NO_PIC = NO;
				GCC_NO_COMMON_BLOCKS = YES;
				GCC_OPTIMIZATION_LEVEL = 0;
				GCC_PREPROCESSOR_DEFINITIONS = (
					"DEBUG=1",
					"$(inherited)",
				);
				GCC_WARN_64_TO_32_BIT_CONVERSION = YES;
				GCC_WARN_ABOUT_RETURN_TYPE = YES_ERROR;
				GCC_WARN_UNDECLARED_SELECTOR = YES;
				GCC_WARN_UNINITIALIZED_AUTOS = YES_AGGRESSIVE;
				GCC_WARN_UNUSED_FUNCTION = YES;
				GCC_WARN_UNUSED_VARIABLE = YES;
				IPHONEOS_DEPLOYMENT_TARGET = 14.4;
				MTL_ENABLE_DEBUG_INFO = INCLUDE_SOURCE;
				MTL_FAST_MATH = YES;
				ONLY_ACTIVE_ARCH = YES;
				SDKROOT = iphoneos;
			};
			name = Debug;
		};
		0603C9622637F42A007012F2 /* Release */ = {
			isa = XCBuildConfiguration;
			buildSettings = {
				ALWAYS_SEARCH_USER_PATHS = NO;
				CLANG_ANALYZER_NONNULL = YES;
				CLANG_ANALYZER_NUMBER_OBJECT_CONVERSION = YES_AGGRESSIVE;
				CLANG_CXX_LANGUAGE_STANDARD = "gnu++14";
				CLANG_CXX_LIBRARY = "libc++";
				CLANG_ENABLE_MODULES = YES;
				CLANG_ENABLE_OBJC_ARC = YES;
				CLANG_ENABLE_OBJC_WEAK = YES;
				CLANG_WARN_BLOCK_CAPTURE_AUTORELEASING = YES;
				CLANG_WARN_BOOL_CONVERSION = YES;
				CLANG_WARN_COMMA = YES;
				CLANG_WARN_CONSTANT_CONVERSION = YES;
				CLANG_WARN_DEPRECATED_OBJC_IMPLEMENTATIONS = YES;
				CLANG_WARN_DIRECT_OBJC_ISA_USAGE = YES_ERROR;
				CLANG_WARN_DOCUMENTATION_COMMENTS = YES;
				CLANG_WARN_EMPTY_BODY = YES;
				CLANG_WARN_ENUM_CONVERSION = YES;
				CLANG_WARN_INFINITE_RECURSION = YES;
				CLANG_WARN_INT_CONVERSION = YES;
				CLANG_WARN_NON_LITERAL_NULL_CONVERSION = YES;
				CLANG_WARN_OBJC_IMPLICIT_RETAIN_SELF = YES;
				CLANG_WARN_OBJC_LITERAL_CONVERSION = YES;
				CLANG_WARN_OBJC_ROOT_CLASS = YES_ERROR;
				CLANG_WARN_QUOTED_INCLUDE_IN_FRAMEWORK_HEADER = YES;
				CLANG_WARN_RANGE_LOOP_ANALYSIS = YES;
				CLANG_WARN_STRICT_PROTOTYPES = YES;
				CLANG_WARN_SUSPICIOUS_MOVE = YES;
				CLANG_WARN_UNGUARDED_AVAILABILITY = YES_AGGRESSIVE;
				CLANG_WARN_UNREACHABLE_CODE = YES;
				CLANG_WARN__DUPLICATE_METHOD_MATCH = YES;
				COPY_PHASE_STRIP = NO;
				DEBUG_INFORMATION_FORMAT = "dwarf-with-dsym";
				ENABLE_NS_ASSERTIONS = NO;
				ENABLE_STRICT_OBJC_MSGSEND = YES;
				GCC_C_LANGUAGE_STANDARD = gnu11;
				GCC_NO_COMMON_BLOCKS = YES;
				GCC_WARN_64_TO_32_BIT_CONVERSION = YES;
				GCC_WARN_ABOUT_RETURN_TYPE = YES_ERROR;
				GCC_WARN_UNDECLARED_SELECTOR = YES;
				GCC_WARN_UNINITIALIZED_AUTOS = YES_AGGRESSIVE;
				GCC_WARN_UNUSED_FUNCTION = YES;
				GCC_WARN_UNUSED_VARIABLE = YES;
				IPHONEOS_DEPLOYMENT_TARGET = 14.4;
				MTL_ENABLE_DEBUG_INFO = NO;
				MTL_FAST_MATH = YES;
				SDKROOT = iphoneos;
				VALIDATE_PRODUCT = YES;
			};
			name = Release;
		};
		0603C9642637F42A007012F2 /* Debug */ = {
			isa = XCBuildConfiguration;
			baseConfigurationReference = 5DE11D4ECD30CEDC56226FFA /* Pods-MapLocus.debug.xcconfig */;
			buildSettings = {
				ASSETCATALOG_COMPILER_APPICON_NAME = AppIcon;
				ASSETCATALOG_COMPILER_GLOBAL_ACCENT_COLOR_NAME = AccentColor;
				CODE_SIGN_STYLE = Automatic;
				DEVELOPMENT_TEAM = YZFBYNWRF2;
				INFOPLIST_FILE = MapLocus/Info.plist;
				LD_RUNPATH_SEARCH_PATHS = (
					"$(inherited)",
					"@executable_path/Frameworks",
				);
				PRODUCT_BUNDLE_IDENTIFIER = com.tawei.locus.ios;
				PRODUCT_NAME = "$(TARGET_NAME)";
				TARGETED_DEVICE_FAMILY = "1,2";
			};
			name = Debug;
		};
		0603C9652637F42A007012F2 /* Release */ = {
			isa = XCBuildConfiguration;
			baseConfigurationReference = D0F8A93A885439CAE55F8F89 /* Pods-MapLocus.release.xcconfig */;
			buildSettings = {
				ASSETCATALOG_COMPILER_APPICON_NAME = AppIcon;
				ASSETCATALOG_COMPILER_GLOBAL_ACCENT_COLOR_NAME = AccentColor;
				CODE_SIGN_STYLE = Automatic;
				DEVELOPMENT_TEAM = YZFBYNWRF2;
				INFOPLIST_FILE = MapLocus/Info.plist;
				LD_RUNPATH_SEARCH_PATHS = (
					"$(inherited)",
					"@executable_path/Frameworks",
				);
				PRODUCT_BUNDLE_IDENTIFIER = com.tawei.locus.ios;
				PRODUCT_NAME = "$(TARGET_NAME)";
				TARGETED_DEVICE_FAMILY = "1,2";
			};
			name = Release;
		};
/* End XCBuildConfiguration section */

/* Begin XCConfigurationList section */
		0603C9452637F429007012F2 /* Build configuration list for PBXProject "MapLocus" */ = {
			isa = XCConfigurationList;
			buildConfigurations = (
				0603C9612637F42A007012F2 /* Debug */,
				0603C9622637F42A007012F2 /* Release */,
			);
			defaultConfigurationIsVisible = 0;
			defaultConfigurationName = Release;
		};
		0603C9632637F42A007012F2 /* Build configuration list for PBXNativeTarget "MapLocus" */ = {
			isa = XCConfigurationList;
			buildConfigurations = (
				0603C9642637F42A007012F2 /* Debug */,
				0603C9652637F42A007012F2 /* Release */,
			);
			defaultConfigurationIsVisible = 0;
			defaultConfigurationName = Release;
		};
/* End XCConfigurationList section */
	};
	rootObject = 0603C9422637F429007012F2 /* Project object */;
}
